
Microsoft Visual Studio Solution File, Format Version 12.00
# Visual Studio Version 16
VisualStudioVersion = 16.0.29123.88
MinimumVisualStudioVersion = 10.0.40219.1
Project("{FAE04EC0-301F-11D3-BF4B-00C04F79EFBC}") = "WpfApp1", "WpfApp1.csproj", "{AEBCE8EC-72EF-4BC9-AC54-2F697CF002BD}"
EndProject
Global
	GlobalSection(SolutionConfigurationPlatforms) = preSolution
		Debug|Any CPU = Debug|Any CPU
		Release|Any CPU = Release|Any CPU
	EndGlobalSection
	GlobalSection(ProjectConfigurationPlatforms) = postSolution
		{AEBCE8EC-72EF-4BC9-AC54-2F697CF002BD}.Debug|Any CPU.ActiveCfg = Debug|Any CPU
		{AEBCE8EC-72EF-4BC9-AC54-2F697CF002BD}.Debug|Any CPU.Build.0 = Debug|Any CPU
		{AEBCE8EC-72EF-4BC9-AC54-2F697CF002BD}.Release|Any CPU.ActiveCfg = Release|Any CPU
		{AEBCE8EC-72EF-4BC9-AC54-2F697CF002BD}.Release|Any CPU.Build.0 = Release|Any CPU
	EndGlobalSection
	GlobalSection(SolutionProperties) = preSolution
		HideSolutionNode = FALSE
	EndGlobalSection
	GlobalSection(ExtensibilityGlobals) = postSolution
		SolutionGuid = {4D5A1C54-B8F1-4168-8C48-C4E22124BFB4}
	EndGlobalSection
EndGlobal
