
Microsoft Visual Studio Solution File, Format Version 12.00
# Visual Studio 2013
VisualStudioVersion = 12.0.31101.0
MinimumVisualStudioVersion = 10.0.40219.1
Project("{2150E333-8FDC-42A3-9474-1A3956D46DE8}") = "Framework Module", "Framework Module", "{0CADA0B5-FE7E-47FE-9FAB-1A341C5D04D2}"
EndProject
Project("{2150E333-8FDC-42A3-9474-1A3956D46DE8}") = "Security Module", "Security Module", "{83F72E9C-A509-46DE-9E8F-88DB46460440}"
EndProject
Project("{2150E333-8FDC-42A3-9474-1A3956D46DE8}") = "Logging Module", "Logging Module", "{C2018D92-7C6A-417B-8DE4-ADE592DCD93D}"
EndProject
Project("{FAE04EC0-301F-11D3-BF4B-00C04F79EFBC}") = "Eleflex", "Framework Module\Eleflex\Eleflex.csproj", "{D57F1BA1-1554-4C4F-A084-C03B8617F595}"
EndProject
Project("{FAE04EC0-301F-11D3-BF4B-00C04F79EFBC}") = "Eleflex.Logging", "Logging Module\Eleflex.Logging\Eleflex.Logging.csproj", "{BEC30BBA-88EF-4B38-96DD-68D5FD19A95F}"
EndProject
Project("{FAE04EC0-301F-11D3-BF4B-00C04F79EFBC}") = "Eleflex.Logging.Service", "Logging Module\Eleflex.Logging.Service\Eleflex.Logging.Service.csproj", "{58AA6D52-F8A8-4840-A6F5-1C6F6FDA7D93}"
	ProjectSection(ProjectDependencies) = postProject
		{6D92A947-8FBC-4621-A5FB-9E7B86994A5D} = {6D92A947-8FBC-4621-A5FB-9E7B86994A5D}
		{92273D9E-156F-4CB7-A446-64681659B2B5} = {92273D9E-156F-4CB7-A446-64681659B2B5}
	EndProjectSection
EndProject
Project("{FAE04EC0-301F-11D3-BF4B-00C04F79EFBC}") = "Eleflex.Logging.Message", "Logging Module\Eleflex.Logging.Message\Eleflex.Logging.Message.csproj", "{92273D9E-156F-4CB7-A446-64681659B2B5}"
EndProject
Project("{FAE04EC0-301F-11D3-BF4B-00C04F79EFBC}") = "Eleflex.Security", "Security Module\Eleflex.Security\Eleflex.Security.csproj", "{EAAB1C06-966C-431A-AA8B-B0265E53D84C}"
EndProject
Project("{FAE04EC0-301F-11D3-BF4B-00C04F79EFBC}") = "Eleflex.Security.Service", "Security Module\Eleflex.Security.Service\Eleflex.Security.Service.csproj", "{9F194C0D-E1B3-4AF0-AF91-C9A5939A5D9C}"
EndProject
Project("{FAE04EC0-301F-11D3-BF4B-00C04F79EFBC}") = "Eleflex.Security.Message", "Security Module\Eleflex.Security.Message\Eleflex.Security.Message.csproj", "{11084DAC-7083-425C-870D-896B4BEDA994}"
EndProject
Project("{2150E333-8FDC-42A3-9474-1A3956D46DE8}") = "Storage Module", "Storage Module", "{6D8E40BB-5E59-4062-AEEA-E2CAC0B5F270}"
EndProject
Project("{FAE04EC0-301F-11D3-BF4B-00C04F79EFBC}") = "Eleflex.Storage", "Storage Module\Eleflex.Storage\Eleflex.Storage.csproj", "{18BB79DC-AE56-49D8-9972-2D30038C9603}"
EndProject
Project("{FAE04EC0-301F-11D3-BF4B-00C04F79EFBC}") = "Eleflex.Storage.EntityFramework", "Storage Module\Eleflex.Storage.EntityFramework\Eleflex.Storage.EntityFramework.csproj", "{66B95514-0739-4767-870D-94C4303C7A1B}"
EndProject
Project("{2150E333-8FDC-42A3-9474-1A3956D46DE8}") = "Services Module", "Services Module", "{9FFB8004-C7D3-41B1-BEAB-BE696F6262B4}"
EndProject
Project("{FAE04EC0-301F-11D3-BF4B-00C04F79EFBC}") = "Eleflex.Services", "Services Module\Eleflex.Services\Eleflex.Services.csproj", "{201A991B-EAE3-40D9-B161-C0F5F4DC7512}"
	ProjectSection(ProjectDependencies) = postProject
		{18BB79DC-AE56-49D8-9972-2D30038C9603} = {18BB79DC-AE56-49D8-9972-2D30038C9603}
	EndProjectSection
EndProject
Project("{FAE04EC0-301F-11D3-BF4B-00C04F79EFBC}") = "Eleflex.Services.Client", "Services Module\Eleflex.Services.Client\Eleflex.Services.Client.csproj", "{476AEF02-7624-4A7F-8DD5-CEB7CC91F69A}"
	ProjectSection(ProjectDependencies) = postProject
		{201A991B-EAE3-40D9-B161-C0F5F4DC7512} = {201A991B-EAE3-40D9-B161-C0F5F4DC7512}
	EndProjectSection
EndProject
Project("{FAE04EC0-301F-11D3-BF4B-00C04F79EFBC}") = "Eleflex.Services.Server", "Services Module\Eleflex.Services.Server\Eleflex.Services.Server.csproj", "{6D92A947-8FBC-4621-A5FB-9E7B86994A5D}"
EndProject
Project("{2150E333-8FDC-42A3-9474-1A3956D46DE8}") = ".nuget", ".nuget", "{18C4FBA1-260E-4205-BF51-40ACFB28651F}"
	ProjectSection(SolutionItems) = preProject
		.nuget\packages.config = .nuget\packages.config
	EndProjectSection
EndProject
Project("{FAE04EC0-301F-11D3-BF4B-00C04F79EFBC}") = "Eleflex.Web", "Web Module\Eleflex.Web\Eleflex.Web.csproj", "{928C5285-FD3E-4F8C-BDFA-777E5295A122}"
	ProjectSection(ProjectDependencies) = postProject
		{EAAB1C06-966C-431A-AA8B-B0265E53D84C} = {EAAB1C06-966C-431A-AA8B-B0265E53D84C}
		{11084DAC-7083-425C-870D-896B4BEDA994} = {11084DAC-7083-425C-870D-896B4BEDA994}
		{EC89DDED-2ED9-4E96-8185-303AA072178D} = {EC89DDED-2ED9-4E96-8185-303AA072178D}
	EndProjectSection
EndProject
Project("{2150E333-8FDC-42A3-9474-1A3956D46DE8}") = "Web Module", "Web Module", "{B9BD8B7A-9C15-475C-A442-772A95E5AD50}"
EndProject
Project("{2150E333-8FDC-42A3-9474-1A3956D46DE8}") = "Lookups Module", "Lookups Module", "{1814B3A7-4874-41C5-A7C0-FB23D4AA43DB}"
EndProject
Project("{FAE04EC0-301F-11D3-BF4B-00C04F79EFBC}") = "Eleflex.Lookups", "Lookups Module\Eleflex.Lookups\Eleflex.Lookups.csproj", "{7C051A7D-5AC4-40D2-AF47-1FEC79599005}"
EndProject
Project("{FAE04EC0-301F-11D3-BF4B-00C04F79EFBC}") = "Eleflex.Lookups.Service", "Lookups Module\Eleflex.Lookups.Service\Eleflex.Lookups.Service.csproj", "{27B9441E-2293-4FD9-B469-0D9982F1834A}"
	ProjectSection(ProjectDependencies) = postProject
		{AB4D8779-42C3-4995-B64D-BCAB21EDEBB9} = {AB4D8779-42C3-4995-B64D-BCAB21EDEBB9}
	EndProjectSection
EndProject
Project("{FAE04EC0-301F-11D3-BF4B-00C04F79EFBC}") = "Eleflex.Lookups.Message", "Lookups Module\Eleflex.Lookups.Message\Eleflex.Lookups.Message.csproj", "{AB4D8779-42C3-4995-B64D-BCAB21EDEBB9}"
EndProject
Project("{2150E333-8FDC-42A3-9474-1A3956D46DE8}") = "Versioning Module", "Versioning Module", "{3805E2BC-54FD-49AA-9AD4-A56AFFE5C689}"
EndProject
Project("{FAE04EC0-301F-11D3-BF4B-00C04F79EFBC}") = "Eleflex.Versioning", "Versioning Module\Eleflex.Versioning\Eleflex.Versioning.csproj", "{EC89DDED-2ED9-4E96-8185-303AA072178D}"
EndProject
Project("{FAE04EC0-301F-11D3-BF4B-00C04F79EFBC}") = "Eleflex.Versioning.Service", "Versioning Module\Eleflex.Versioning.Service\Eleflex.Versioning.Service.csproj", "{D6BFCF30-3B1A-48E3-9822-31E51DCA5B21}"
EndProject
Project("{FAE04EC0-301F-11D3-BF4B-00C04F79EFBC}") = "Eleflex.Versioning.Message", "Versioning Module\Eleflex.Versioning.Message\Eleflex.Versioning.Message.csproj", "{252597EA-4DA8-4864-963E-64A143A5F2EF}"
EndProject
Project("{2150E333-8FDC-42A3-9474-1A3956D46DE8}") = "Applications", "Applications", "{DC250DAF-82F1-4B25-8710-47988BFC47BC}"
EndProject
Project("{FAE04EC0-301F-11D3-BF4B-00C04F79EFBC}") = "Eleflex.WebService", "Applications\Eleflex.WebService\Eleflex.WebService.csproj", "{E44269E7-585D-4EBC-89F1-AB5EE5E3502F}"
EndProject
Project("{FAE04EC0-301F-11D3-BF4B-00C04F79EFBC}") = "Eleflex.Storage.Database", "Storage Module\Eleflex.Storage.Database\Eleflex.Storage.Database.csproj", "{5B4CE044-A852-4E04-904E-500FFF1ABD56}"
EndProject
Project("{FAE04EC0-301F-11D3-BF4B-00C04F79EFBC}") = "Eleflex.Storage.Database.SqlClient", "Storage Module\Eleflex.Storage.Database.SqlClient\Eleflex.Storage.Database.SqlClient.csproj", "{4EBCCC13-C7E5-485A-B455-D3B3B1B3E3EE}"
EndProject
Project("{FAE04EC0-301F-11D3-BF4B-00C04F79EFBC}") = "Eleflex.Logging.Storage.SqlServer", "Logging Module\Eleflex.Logging.Storage.SqlServer\Eleflex.Logging.Storage.SqlServer.csproj", "{F436EE18-C964-4F6F-9573-3159E57CC5CA}"
EndProject
Project("{FAE04EC0-301F-11D3-BF4B-00C04F79EFBC}") = "Eleflex.Logging.Web", "Logging Module\Eleflex.Logging.Web\Eleflex.Logging.Web.csproj", "{8D0A35B1-F46B-4A62-ADE7-21BDD04639BF}"
EndProject
Project("{FAE04EC0-301F-11D3-BF4B-00C04F79EFBC}") = "Eleflex.Lookups.Web", "Lookups Module\Eleflex.Lookups.Web\Eleflex.Lookups.Web.csproj", "{AF3B1690-DDB8-4200-8B65-63D8D859A5F8}"
EndProject
Project("{FAE04EC0-301F-11D3-BF4B-00C04F79EFBC}") = "Eleflex.Lookups.Storage.SqlServer", "Lookups Module\Eleflex.Lookups.Storage.SqlServer\Eleflex.Lookups.Storage.SqlServer.csproj", "{A43C7A83-CE19-425C-B775-557ED62346D8}"
EndProject
Project("{FAE04EC0-301F-11D3-BF4B-00C04F79EFBC}") = "Eleflex.Security.Storage.SqlServer", "Security Module\Eleflex.Security.Storage.SqlServer\Eleflex.Security.Storage.SqlServer.csproj", "{FDC2BC9C-E68F-4078-89B6-B125C75E8E4E}"
EndProject
Project("{FAE04EC0-301F-11D3-BF4B-00C04F79EFBC}") = "Eleflex.Security.Web", "Security Module\Eleflex.Security.Web\Eleflex.Security.Web.csproj", "{F523DF02-2866-4D4A-B9EB-668C5B3F18A1}"
	ProjectSection(ProjectDependencies) = postProject
		{476AEF02-7624-4A7F-8DD5-CEB7CC91F69A} = {476AEF02-7624-4A7F-8DD5-CEB7CC91F69A}
		{EAAB1C06-966C-431A-AA8B-B0265E53D84C} = {EAAB1C06-966C-431A-AA8B-B0265E53D84C}
		{201A991B-EAE3-40D9-B161-C0F5F4DC7512} = {201A991B-EAE3-40D9-B161-C0F5F4DC7512}
		{928C5285-FD3E-4F8C-BDFA-777E5295A122} = {928C5285-FD3E-4F8C-BDFA-777E5295A122}
		{D57F1BA1-1554-4C4F-A084-C03B8617F595} = {D57F1BA1-1554-4C4F-A084-C03B8617F595}
		{11084DAC-7083-425C-870D-896B4BEDA994} = {11084DAC-7083-425C-870D-896B4BEDA994}
		{18BB79DC-AE56-49D8-9972-2D30038C9603} = {18BB79DC-AE56-49D8-9972-2D30038C9603}
	EndProjectSection
EndProject
Project("{FAE04EC0-301F-11D3-BF4B-00C04F79EFBC}") = "Eleflex.Versioning.Web", "Versioning Module\Eleflex.Versioning.Web\Eleflex.Versioning.Web.csproj", "{9A1C97BF-D58B-4AEA-9770-E3F2296E1643}"
EndProject
Project("{FAE04EC0-301F-11D3-BF4B-00C04F79EFBC}") = "Eleflex.Versioning.Storage.SqlServer", "Versioning Module\Eleflex.Versioning.Storage.SqlServer\Eleflex.Versioning.Storage.SqlServer.csproj", "{3C5DA6B7-C9A0-4747-81EC-BA475DFD8736}"
EndProject
Project("{2150E333-8FDC-42A3-9474-1A3956D46DE8}") = "Admin Module", "Admin Module", "{C8229979-6EF0-4817-AFE4-B830EF85722C}"
EndProject
Project("{FAE04EC0-301F-11D3-BF4B-00C04F79EFBC}") = "Eleflex.Admin.Web", "Admin Module\Eleflex.Admin.Web\Eleflex.Admin.Web.csproj", "{D8BE916D-EE0F-4D1F-AB2C-A71A3912E6A1}"
EndProject
Project("{FAE04EC0-301F-11D3-BF4B-00C04F79EFBC}") = "Eleflex.Versioning.Storage.Azure", "Versioning Module\Eleflex.Versioning.Storage.Azure\Eleflex.Versioning.Storage.Azure.csproj", "{E69AFE84-84CB-48E9-9D6F-3A1B01777E5D}"
EndProject
Project("{FAE04EC0-301F-11D3-BF4B-00C04F79EFBC}") = "Eleflex.Logging.Storage.Azure", "Logging Module\Eleflex.Logging.Storage.Azure\Eleflex.Logging.Storage.Azure.csproj", "{5DE7B4D8-C6B4-4A95-99D4-2E546E978718}"
EndProject
Project("{FAE04EC0-301F-11D3-BF4B-00C04F79EFBC}") = "Eleflex.Lookups.Storage.Azure", "Lookups Module\Eleflex.Lookups.Storage.Azure\Eleflex.Lookups.Storage.Azure.csproj", "{0D1ADCD6-8546-44A9-965B-D2606A7B44DE}"
EndProject
Project("{FAE04EC0-301F-11D3-BF4B-00C04F79EFBC}") = "Eleflex.Security.Storage.Azure", "Security Module\Eleflex.Security.Storage.Azure\Eleflex.Security.Storage.Azure.csproj", "{D2A87828-68D0-4FFE-A273-55906DEFEB04}"
EndProject
Project("{FAE04EC0-301F-11D3-BF4B-00C04F79EFBC}") = "Eleflex.WebClient", "Applications\Eleflex.WebClient\Eleflex.WebClient.csproj", "{7D24F7BD-3EA1-4F0C-9F9A-5120BD7B73B1}"
EndProject
Project("{FAE04EC0-301F-11D3-BF4B-00C04F79EFBC}") = "Eleflex.AzureWebService", "Applications\Eleflex.AzureWebService\Eleflex.AzureWebService.csproj", "{ECC77A20-8FCE-4984-B1D4-FFEB36B7DEC9}"
EndProject
Project("{FAE04EC0-301F-11D3-BF4B-00C04F79EFBC}") = "Eleflex.WebServer", "Web Module\Eleflex.WebServer\Eleflex.WebServer.csproj", "{9C3278AE-6DEF-4F7D-9A6A-897DF9ADF98F}"
EndProject
Global
	GlobalSection(SolutionConfigurationPlatforms) = preSolution
		Debug|Any CPU = Debug|Any CPU
		Release|Any CPU = Release|Any CPU
	EndGlobalSection
	GlobalSection(ProjectConfigurationPlatforms) = postSolution
		{D57F1BA1-1554-4C4F-A084-C03B8617F595}.Debug|Any CPU.ActiveCfg = Debug|Any CPU
		{D57F1BA1-1554-4C4F-A084-C03B8617F595}.Debug|Any CPU.Build.0 = Debug|Any CPU
		{D57F1BA1-1554-4C4F-A084-C03B8617F595}.Release|Any CPU.ActiveCfg = Release|Any CPU
		{D57F1BA1-1554-4C4F-A084-C03B8617F595}.Release|Any CPU.Build.0 = Release|Any CPU
		{BEC30BBA-88EF-4B38-96DD-68D5FD19A95F}.Debug|Any CPU.ActiveCfg = Debug|Any CPU
		{BEC30BBA-88EF-4B38-96DD-68D5FD19A95F}.Debug|Any CPU.Build.0 = Debug|Any CPU
		{BEC30BBA-88EF-4B38-96DD-68D5FD19A95F}.Release|Any CPU.ActiveCfg = Release|Any CPU
		{BEC30BBA-88EF-4B38-96DD-68D5FD19A95F}.Release|Any CPU.Build.0 = Release|Any CPU
		{58AA6D52-F8A8-4840-A6F5-1C6F6FDA7D93}.Debug|Any CPU.ActiveCfg = Debug|Any CPU
		{58AA6D52-F8A8-4840-A6F5-1C6F6FDA7D93}.Debug|Any CPU.Build.0 = Debug|Any CPU
		{58AA6D52-F8A8-4840-A6F5-1C6F6FDA7D93}.Release|Any CPU.ActiveCfg = Release|Any CPU
		{58AA6D52-F8A8-4840-A6F5-1C6F6FDA7D93}.Release|Any CPU.Build.0 = Release|Any CPU
		{92273D9E-156F-4CB7-A446-64681659B2B5}.Debug|Any CPU.ActiveCfg = Debug|Any CPU
		{92273D9E-156F-4CB7-A446-64681659B2B5}.Debug|Any CPU.Build.0 = Debug|Any CPU
		{92273D9E-156F-4CB7-A446-64681659B2B5}.Release|Any CPU.ActiveCfg = Release|Any CPU
		{92273D9E-156F-4CB7-A446-64681659B2B5}.Release|Any CPU.Build.0 = Release|Any CPU
		{EAAB1C06-966C-431A-AA8B-B0265E53D84C}.Debug|Any CPU.ActiveCfg = Debug|Any CPU
		{EAAB1C06-966C-431A-AA8B-B0265E53D84C}.Debug|Any CPU.Build.0 = Debug|Any CPU
		{EAAB1C06-966C-431A-AA8B-B0265E53D84C}.Release|Any CPU.ActiveCfg = Release|Any CPU
		{EAAB1C06-966C-431A-AA8B-B0265E53D84C}.Release|Any CPU.Build.0 = Release|Any CPU
		{9F194C0D-E1B3-4AF0-AF91-C9A5939A5D9C}.Debug|Any CPU.ActiveCfg = Debug|Any CPU
		{9F194C0D-E1B3-4AF0-AF91-C9A5939A5D9C}.Debug|Any CPU.Build.0 = Debug|Any CPU
		{9F194C0D-E1B3-4AF0-AF91-C9A5939A5D9C}.Release|Any CPU.ActiveCfg = Release|Any CPU
		{9F194C0D-E1B3-4AF0-AF91-C9A5939A5D9C}.Release|Any CPU.Build.0 = Release|Any CPU
		{11084DAC-7083-425C-870D-896B4BEDA994}.Debug|Any CPU.ActiveCfg = Debug|Any CPU
		{11084DAC-7083-425C-870D-896B4BEDA994}.Debug|Any CPU.Build.0 = Debug|Any CPU
		{11084DAC-7083-425C-870D-896B4BEDA994}.Release|Any CPU.ActiveCfg = Release|Any CPU
		{11084DAC-7083-425C-870D-896B4BEDA994}.Release|Any CPU.Build.0 = Release|Any CPU
		{18BB79DC-AE56-49D8-9972-2D30038C9603}.Debug|Any CPU.ActiveCfg = Debug|Any CPU
		{18BB79DC-AE56-49D8-9972-2D30038C9603}.Debug|Any CPU.Build.0 = Debug|Any CPU
		{18BB79DC-AE56-49D8-9972-2D30038C9603}.Release|Any CPU.ActiveCfg = Release|Any CPU
		{18BB79DC-AE56-49D8-9972-2D30038C9603}.Release|Any CPU.Build.0 = Release|Any CPU
		{66B95514-0739-4767-870D-94C4303C7A1B}.Debug|Any CPU.ActiveCfg = Debug|Any CPU
		{66B95514-0739-4767-870D-94C4303C7A1B}.Debug|Any CPU.Build.0 = Debug|Any CPU
		{66B95514-0739-4767-870D-94C4303C7A1B}.Release|Any CPU.ActiveCfg = Release|Any CPU
		{66B95514-0739-4767-870D-94C4303C7A1B}.Release|Any CPU.Build.0 = Release|Any CPU
		{201A991B-EAE3-40D9-B161-C0F5F4DC7512}.Debug|Any CPU.ActiveCfg = Debug|Any CPU
		{201A991B-EAE3-40D9-B161-C0F5F4DC7512}.Debug|Any CPU.Build.0 = Debug|Any CPU
		{201A991B-EAE3-40D9-B161-C0F5F4DC7512}.Release|Any CPU.ActiveCfg = Release|Any CPU
		{201A991B-EAE3-40D9-B161-C0F5F4DC7512}.Release|Any CPU.Build.0 = Release|Any CPU
		{476AEF02-7624-4A7F-8DD5-CEB7CC91F69A}.Debug|Any CPU.ActiveCfg = Debug|Any CPU
		{476AEF02-7624-4A7F-8DD5-CEB7CC91F69A}.Debug|Any CPU.Build.0 = Debug|Any CPU
		{476AEF02-7624-4A7F-8DD5-CEB7CC91F69A}.Release|Any CPU.ActiveCfg = Release|Any CPU
		{476AEF02-7624-4A7F-8DD5-CEB7CC91F69A}.Release|Any CPU.Build.0 = Release|Any CPU
		{6D92A947-8FBC-4621-A5FB-9E7B86994A5D}.Debug|Any CPU.ActiveCfg = Debug|Any CPU
		{6D92A947-8FBC-4621-A5FB-9E7B86994A5D}.Debug|Any CPU.Build.0 = Debug|Any CPU
		{6D92A947-8FBC-4621-A5FB-9E7B86994A5D}.Release|Any CPU.ActiveCfg = Release|Any CPU
		{6D92A947-8FBC-4621-A5FB-9E7B86994A5D}.Release|Any CPU.Build.0 = Release|Any CPU
		{928C5285-FD3E-4F8C-BDFA-777E5295A122}.Debug|Any CPU.ActiveCfg = Debug|Any CPU
		{928C5285-FD3E-4F8C-BDFA-777E5295A122}.Debug|Any CPU.Build.0 = Debug|Any CPU
		{928C5285-FD3E-4F8C-BDFA-777E5295A122}.Release|Any CPU.ActiveCfg = Release|Any CPU
		{928C5285-FD3E-4F8C-BDFA-777E5295A122}.Release|Any CPU.Build.0 = Release|Any CPU
		{7C051A7D-5AC4-40D2-AF47-1FEC79599005}.Debug|Any CPU.ActiveCfg = Debug|Any CPU
		{7C051A7D-5AC4-40D2-AF47-1FEC79599005}.Debug|Any CPU.Build.0 = Debug|Any CPU
		{7C051A7D-5AC4-40D2-AF47-1FEC79599005}.Release|Any CPU.ActiveCfg = Release|Any CPU
		{7C051A7D-5AC4-40D2-AF47-1FEC79599005}.Release|Any CPU.Build.0 = Release|Any CPU
		{27B9441E-2293-4FD9-B469-0D9982F1834A}.Debug|Any CPU.ActiveCfg = Debug|Any CPU
		{27B9441E-2293-4FD9-B469-0D9982F1834A}.Debug|Any CPU.Build.0 = Debug|Any CPU
		{27B9441E-2293-4FD9-B469-0D9982F1834A}.Release|Any CPU.ActiveCfg = Release|Any CPU
		{27B9441E-2293-4FD9-B469-0D9982F1834A}.Release|Any CPU.Build.0 = Release|Any CPU
		{AB4D8779-42C3-4995-B64D-BCAB21EDEBB9}.Debug|Any CPU.ActiveCfg = Debug|Any CPU
		{AB4D8779-42C3-4995-B64D-BCAB21EDEBB9}.Debug|Any CPU.Build.0 = Debug|Any CPU
		{AB4D8779-42C3-4995-B64D-BCAB21EDEBB9}.Release|Any CPU.ActiveCfg = Release|Any CPU
		{AB4D8779-42C3-4995-B64D-BCAB21EDEBB9}.Release|Any CPU.Build.0 = Release|Any CPU
		{EC89DDED-2ED9-4E96-8185-303AA072178D}.Debug|Any CPU.ActiveCfg = Debug|Any CPU
		{EC89DDED-2ED9-4E96-8185-303AA072178D}.Debug|Any CPU.Build.0 = Debug|Any CPU
		{EC89DDED-2ED9-4E96-8185-303AA072178D}.Release|Any CPU.ActiveCfg = Release|Any CPU
		{EC89DDED-2ED9-4E96-8185-303AA072178D}.Release|Any CPU.Build.0 = Release|Any CPU
		{D6BFCF30-3B1A-48E3-9822-31E51DCA5B21}.Debug|Any CPU.ActiveCfg = Debug|Any CPU
		{D6BFCF30-3B1A-48E3-9822-31E51DCA5B21}.Debug|Any CPU.Build.0 = Debug|Any CPU
		{D6BFCF30-3B1A-48E3-9822-31E51DCA5B21}.Release|Any CPU.ActiveCfg = Release|Any CPU
		{D6BFCF30-3B1A-48E3-9822-31E51DCA5B21}.Release|Any CPU.Build.0 = Release|Any CPU
		{252597EA-4DA8-4864-963E-64A143A5F2EF}.Debug|Any CPU.ActiveCfg = Debug|Any CPU
		{252597EA-4DA8-4864-963E-64A143A5F2EF}.Debug|Any CPU.Build.0 = Debug|Any CPU
		{252597EA-4DA8-4864-963E-64A143A5F2EF}.Release|Any CPU.ActiveCfg = Release|Any CPU
		{252597EA-4DA8-4864-963E-64A143A5F2EF}.Release|Any CPU.Build.0 = Release|Any CPU
		{E44269E7-585D-4EBC-89F1-AB5EE5E3502F}.Debug|Any CPU.ActiveCfg = Debug|Any CPU
		{E44269E7-585D-4EBC-89F1-AB5EE5E3502F}.Debug|Any CPU.Build.0 = Debug|Any CPU
		{E44269E7-585D-4EBC-89F1-AB5EE5E3502F}.Release|Any CPU.ActiveCfg = Release|Any CPU
		{E44269E7-585D-4EBC-89F1-AB5EE5E3502F}.Release|Any CPU.Build.0 = Release|Any CPU
		{5B4CE044-A852-4E04-904E-500FFF1ABD56}.Debug|Any CPU.ActiveCfg = Debug|Any CPU
		{5B4CE044-A852-4E04-904E-500FFF1ABD56}.Debug|Any CPU.Build.0 = Debug|Any CPU
		{5B4CE044-A852-4E04-904E-500FFF1ABD56}.Release|Any CPU.ActiveCfg = Release|Any CPU
		{5B4CE044-A852-4E04-904E-500FFF1ABD56}.Release|Any CPU.Build.0 = Release|Any CPU
		{4EBCCC13-C7E5-485A-B455-D3B3B1B3E3EE}.Debug|Any CPU.ActiveCfg = Debug|Any CPU
		{4EBCCC13-C7E5-485A-B455-D3B3B1B3E3EE}.Debug|Any CPU.Build.0 = Debug|Any CPU
		{4EBCCC13-C7E5-485A-B455-D3B3B1B3E3EE}.Release|Any CPU.ActiveCfg = Release|Any CPU
		{4EBCCC13-C7E5-485A-B455-D3B3B1B3E3EE}.Release|Any CPU.Build.0 = Release|Any CPU
		{F436EE18-C964-4F6F-9573-3159E57CC5CA}.Debug|Any CPU.ActiveCfg = Debug|Any CPU
		{F436EE18-C964-4F6F-9573-3159E57CC5CA}.Debug|Any CPU.Build.0 = Debug|Any CPU
		{F436EE18-C964-4F6F-9573-3159E57CC5CA}.Release|Any CPU.ActiveCfg = Release|Any CPU
		{F436EE18-C964-4F6F-9573-3159E57CC5CA}.Release|Any CPU.Build.0 = Release|Any CPU
		{8D0A35B1-F46B-4A62-ADE7-21BDD04639BF}.Debug|Any CPU.ActiveCfg = Debug|Any CPU
		{8D0A35B1-F46B-4A62-ADE7-21BDD04639BF}.Debug|Any CPU.Build.0 = Debug|Any CPU
		{8D0A35B1-F46B-4A62-ADE7-21BDD04639BF}.Release|Any CPU.ActiveCfg = Release|Any CPU
		{8D0A35B1-F46B-4A62-ADE7-21BDD04639BF}.Release|Any CPU.Build.0 = Release|Any CPU
		{AF3B1690-DDB8-4200-8B65-63D8D859A5F8}.Debug|Any CPU.ActiveCfg = Debug|Any CPU
		{AF3B1690-DDB8-4200-8B65-63D8D859A5F8}.Debug|Any CPU.Build.0 = Debug|Any CPU
		{AF3B1690-DDB8-4200-8B65-63D8D859A5F8}.Release|Any CPU.ActiveCfg = Release|Any CPU
		{AF3B1690-DDB8-4200-8B65-63D8D859A5F8}.Release|Any CPU.Build.0 = Release|Any CPU
		{A43C7A83-CE19-425C-B775-557ED62346D8}.Debug|Any CPU.ActiveCfg = Debug|Any CPU
		{A43C7A83-CE19-425C-B775-557ED62346D8}.Debug|Any CPU.Build.0 = Debug|Any CPU
		{A43C7A83-CE19-425C-B775-557ED62346D8}.Release|Any CPU.ActiveCfg = Release|Any CPU
		{A43C7A83-CE19-425C-B775-557ED62346D8}.Release|Any CPU.Build.0 = Release|Any CPU
		{FDC2BC9C-E68F-4078-89B6-B125C75E8E4E}.Debug|Any CPU.ActiveCfg = Debug|Any CPU
		{FDC2BC9C-E68F-4078-89B6-B125C75E8E4E}.Debug|Any CPU.Build.0 = Debug|Any CPU
		{FDC2BC9C-E68F-4078-89B6-B125C75E8E4E}.Release|Any CPU.ActiveCfg = Release|Any CPU
		{FDC2BC9C-E68F-4078-89B6-B125C75E8E4E}.Release|Any CPU.Build.0 = Release|Any CPU
		{F523DF02-2866-4D4A-B9EB-668C5B3F18A1}.Debug|Any CPU.ActiveCfg = Debug|Any CPU
		{F523DF02-2866-4D4A-B9EB-668C5B3F18A1}.Debug|Any CPU.Build.0 = Debug|Any CPU
		{F523DF02-2866-4D4A-B9EB-668C5B3F18A1}.Release|Any CPU.ActiveCfg = Release|Any CPU
		{F523DF02-2866-4D4A-B9EB-668C5B3F18A1}.Release|Any CPU.Build.0 = Release|Any CPU
		{9A1C97BF-D58B-4AEA-9770-E3F2296E1643}.Debug|Any CPU.ActiveCfg = Debug|Any CPU
		{9A1C97BF-D58B-4AEA-9770-E3F2296E1643}.Debug|Any CPU.Build.0 = Debug|Any CPU
		{9A1C97BF-D58B-4AEA-9770-E3F2296E1643}.Release|Any CPU.ActiveCfg = Release|Any CPU
		{9A1C97BF-D58B-4AEA-9770-E3F2296E1643}.Release|Any CPU.Build.0 = Release|Any CPU
		{3C5DA6B7-C9A0-4747-81EC-BA475DFD8736}.Debug|Any CPU.ActiveCfg = Debug|Any CPU
		{3C5DA6B7-C9A0-4747-81EC-BA475DFD8736}.Debug|Any CPU.Build.0 = Debug|Any CPU
		{3C5DA6B7-C9A0-4747-81EC-BA475DFD8736}.Release|Any CPU.ActiveCfg = Release|Any CPU
		{3C5DA6B7-C9A0-4747-81EC-BA475DFD8736}.Release|Any CPU.Build.0 = Release|Any CPU
		{D8BE916D-EE0F-4D1F-AB2C-A71A3912E6A1}.Debug|Any CPU.ActiveCfg = Debug|Any CPU
		{D8BE916D-EE0F-4D1F-AB2C-A71A3912E6A1}.Debug|Any CPU.Build.0 = Debug|Any CPU
		{D8BE916D-EE0F-4D1F-AB2C-A71A3912E6A1}.Release|Any CPU.ActiveCfg = Release|Any CPU
		{D8BE916D-EE0F-4D1F-AB2C-A71A3912E6A1}.Release|Any CPU.Build.0 = Release|Any CPU
		{E69AFE84-84CB-48E9-9D6F-3A1B01777E5D}.Debug|Any CPU.ActiveCfg = Debug|Any CPU
		{E69AFE84-84CB-48E9-9D6F-3A1B01777E5D}.Debug|Any CPU.Build.0 = Debug|Any CPU
		{E69AFE84-84CB-48E9-9D6F-3A1B01777E5D}.Release|Any CPU.ActiveCfg = Release|Any CPU
		{E69AFE84-84CB-48E9-9D6F-3A1B01777E5D}.Release|Any CPU.Build.0 = Release|Any CPU
		{5DE7B4D8-C6B4-4A95-99D4-2E546E978718}.Debug|Any CPU.ActiveCfg = Debug|Any CPU
		{5DE7B4D8-C6B4-4A95-99D4-2E546E978718}.Debug|Any CPU.Build.0 = Debug|Any CPU
		{5DE7B4D8-C6B4-4A95-99D4-2E546E978718}.Release|Any CPU.ActiveCfg = Release|Any CPU
		{5DE7B4D8-C6B4-4A95-99D4-2E546E978718}.Release|Any CPU.Build.0 = Release|Any CPU
		{0D1ADCD6-8546-44A9-965B-D2606A7B44DE}.Debug|Any CPU.ActiveCfg = Debug|Any CPU
		{0D1ADCD6-8546-44A9-965B-D2606A7B44DE}.Debug|Any CPU.Build.0 = Debug|Any CPU
		{0D1ADCD6-8546-44A9-965B-D2606A7B44DE}.Release|Any CPU.ActiveCfg = Release|Any CPU
		{0D1ADCD6-8546-44A9-965B-D2606A7B44DE}.Release|Any CPU.Build.0 = Release|Any CPU
		{D2A87828-68D0-4FFE-A273-55906DEFEB04}.Debug|Any CPU.ActiveCfg = Debug|Any CPU
		{D2A87828-68D0-4FFE-A273-55906DEFEB04}.Debug|Any CPU.Build.0 = Debug|Any CPU
		{D2A87828-68D0-4FFE-A273-55906DEFEB04}.Release|Any CPU.ActiveCfg = Release|Any CPU
		{D2A87828-68D0-4FFE-A273-55906DEFEB04}.Release|Any CPU.Build.0 = Release|Any CPU
		{7D24F7BD-3EA1-4F0C-9F9A-5120BD7B73B1}.Debug|Any CPU.ActiveCfg = Debug|Any CPU
		{7D24F7BD-3EA1-4F0C-9F9A-5120BD7B73B1}.Debug|Any CPU.Build.0 = Debug|Any CPU
		{7D24F7BD-3EA1-4F0C-9F9A-5120BD7B73B1}.Release|Any CPU.ActiveCfg = Release|Any CPU
		{7D24F7BD-3EA1-4F0C-9F9A-5120BD7B73B1}.Release|Any CPU.Build.0 = Release|Any CPU
		{ECC77A20-8FCE-4984-B1D4-FFEB36B7DEC9}.Debug|Any CPU.ActiveCfg = Debug|Any CPU
		{ECC77A20-8FCE-4984-B1D4-FFEB36B7DEC9}.Debug|Any CPU.Build.0 = Debug|Any CPU
		{ECC77A20-8FCE-4984-B1D4-FFEB36B7DEC9}.Release|Any CPU.ActiveCfg = Release|Any CPU
		{ECC77A20-8FCE-4984-B1D4-FFEB36B7DEC9}.Release|Any CPU.Build.0 = Release|Any CPU
		{9C3278AE-6DEF-4F7D-9A6A-897DF9ADF98F}.Debug|Any CPU.ActiveCfg = Debug|Any CPU
		{9C3278AE-6DEF-4F7D-9A6A-897DF9ADF98F}.Debug|Any CPU.Build.0 = Debug|Any CPU
		{9C3278AE-6DEF-4F7D-9A6A-897DF9ADF98F}.Release|Any CPU.ActiveCfg = Release|Any CPU
		{9C3278AE-6DEF-4F7D-9A6A-897DF9ADF98F}.Release|Any CPU.Build.0 = Release|Any CPU
	EndGlobalSection
	GlobalSection(SolutionProperties) = preSolution
		HideSolutionNode = FALSE
	EndGlobalSection
	GlobalSection(NestedProjects) = preSolution
		{D57F1BA1-1554-4C4F-A084-C03B8617F595} = {0CADA0B5-FE7E-47FE-9FAB-1A341C5D04D2}
		{BEC30BBA-88EF-4B38-96DD-68D5FD19A95F} = {C2018D92-7C6A-417B-8DE4-ADE592DCD93D}
		{58AA6D52-F8A8-4840-A6F5-1C6F6FDA7D93} = {C2018D92-7C6A-417B-8DE4-ADE592DCD93D}
		{92273D9E-156F-4CB7-A446-64681659B2B5} = {C2018D92-7C6A-417B-8DE4-ADE592DCD93D}
		{EAAB1C06-966C-431A-AA8B-B0265E53D84C} = {83F72E9C-A509-46DE-9E8F-88DB46460440}
		{9F194C0D-E1B3-4AF0-AF91-C9A5939A5D9C} = {83F72E9C-A509-46DE-9E8F-88DB46460440}
		{11084DAC-7083-425C-870D-896B4BEDA994} = {83F72E9C-A509-46DE-9E8F-88DB46460440}
		{18BB79DC-AE56-49D8-9972-2D30038C9603} = {6D8E40BB-5E59-4062-AEEA-E2CAC0B5F270}
		{66B95514-0739-4767-870D-94C4303C7A1B} = {6D8E40BB-5E59-4062-AEEA-E2CAC0B5F270}
		{201A991B-EAE3-40D9-B161-C0F5F4DC7512} = {9FFB8004-C7D3-41B1-BEAB-BE696F6262B4}
		{476AEF02-7624-4A7F-8DD5-CEB7CC91F69A} = {9FFB8004-C7D3-41B1-BEAB-BE696F6262B4}
		{6D92A947-8FBC-4621-A5FB-9E7B86994A5D} = {9FFB8004-C7D3-41B1-BEAB-BE696F6262B4}
		{928C5285-FD3E-4F8C-BDFA-777E5295A122} = {B9BD8B7A-9C15-475C-A442-772A95E5AD50}
		{7C051A7D-5AC4-40D2-AF47-1FEC79599005} = {1814B3A7-4874-41C5-A7C0-FB23D4AA43DB}
		{27B9441E-2293-4FD9-B469-0D9982F1834A} = {1814B3A7-4874-41C5-A7C0-FB23D4AA43DB}
		{AB4D8779-42C3-4995-B64D-BCAB21EDEBB9} = {1814B3A7-4874-41C5-A7C0-FB23D4AA43DB}
		{EC89DDED-2ED9-4E96-8185-303AA072178D} = {3805E2BC-54FD-49AA-9AD4-A56AFFE5C689}
		{D6BFCF30-3B1A-48E3-9822-31E51DCA5B21} = {3805E2BC-54FD-49AA-9AD4-A56AFFE5C689}
		{252597EA-4DA8-4864-963E-64A143A5F2EF} = {3805E2BC-54FD-49AA-9AD4-A56AFFE5C689}
		{E44269E7-585D-4EBC-89F1-AB5EE5E3502F} = {DC250DAF-82F1-4B25-8710-47988BFC47BC}
		{5B4CE044-A852-4E04-904E-500FFF1ABD56} = {6D8E40BB-5E59-4062-AEEA-E2CAC0B5F270}
		{4EBCCC13-C7E5-485A-B455-D3B3B1B3E3EE} = {6D8E40BB-5E59-4062-AEEA-E2CAC0B5F270}
		{F436EE18-C964-4F6F-9573-3159E57CC5CA} = {C2018D92-7C6A-417B-8DE4-ADE592DCD93D}
		{8D0A35B1-F46B-4A62-ADE7-21BDD04639BF} = {C2018D92-7C6A-417B-8DE4-ADE592DCD93D}
		{AF3B1690-DDB8-4200-8B65-63D8D859A5F8} = {1814B3A7-4874-41C5-A7C0-FB23D4AA43DB}
		{A43C7A83-CE19-425C-B775-557ED62346D8} = {1814B3A7-4874-41C5-A7C0-FB23D4AA43DB}
		{FDC2BC9C-E68F-4078-89B6-B125C75E8E4E} = {83F72E9C-A509-46DE-9E8F-88DB46460440}
		{F523DF02-2866-4D4A-B9EB-668C5B3F18A1} = {83F72E9C-A509-46DE-9E8F-88DB46460440}
		{9A1C97BF-D58B-4AEA-9770-E3F2296E1643} = {3805E2BC-54FD-49AA-9AD4-A56AFFE5C689}
		{3C5DA6B7-C9A0-4747-81EC-BA475DFD8736} = {3805E2BC-54FD-49AA-9AD4-A56AFFE5C689}
		{D8BE916D-EE0F-4D1F-AB2C-A71A3912E6A1} = {C8229979-6EF0-4817-AFE4-B830EF85722C}
		{E69AFE84-84CB-48E9-9D6F-3A1B01777E5D} = {3805E2BC-54FD-49AA-9AD4-A56AFFE5C689}
		{5DE7B4D8-C6B4-4A95-99D4-2E546E978718} = {C2018D92-7C6A-417B-8DE4-ADE592DCD93D}
		{0D1ADCD6-8546-44A9-965B-D2606A7B44DE} = {1814B3A7-4874-41C5-A7C0-FB23D4AA43DB}
		{D2A87828-68D0-4FFE-A273-55906DEFEB04} = {83F72E9C-A509-46DE-9E8F-88DB46460440}
		{7D24F7BD-3EA1-4F0C-9F9A-5120BD7B73B1} = {DC250DAF-82F1-4B25-8710-47988BFC47BC}
		{ECC77A20-8FCE-4984-B1D4-FFEB36B7DEC9} = {DC250DAF-82F1-4B25-8710-47988BFC47BC}
		{9C3278AE-6DEF-4F7D-9A6A-897DF9ADF98F} = {B9BD8B7A-9C15-475C-A442-772A95E5AD50}
	EndGlobalSection
EndGlobal
